
Microsoft Visual Studio Solution File, Format Version 12.00
# Visual Studio Version 16
VisualStudioVersion = 25.0.1703.0
MinimumVisualStudioVersion = 10.0.40219.1
Project("{FAE04EC0-301F-11D3-BF4B-00C04F79EFBC}") = "Course_2", "Course_2\Course_2.csproj", "{3ECFA4D8-DC8D-4FEF-B142-2E6E38DE5A37}"
EndProject
Global
	GlobalSection(SolutionConfigurationPlatforms) = preSolution
		Debug|Any CPU = Debug|Any CPU
		Release|Any CPU = Release|Any CPU
	EndGlobalSection
	GlobalSection(ProjectConfigurationPlatforms) = postSolution
		{3ECFA4D8-DC8D-4FEF-B142-2E6E38DE5A37}.Debug|Any CPU.ActiveCfg = Debug|Any CPU
		{3ECFA4D8-DC8D-4FEF-B142-2E6E38DE5A37}.Debug|Any CPU.Build.0 = Debug|Any CPU
		{3ECFA4D8-DC8D-4FEF-B142-2E6E38DE5A37}.Release|Any CPU.ActiveCfg = Release|Any CPU
		{3ECFA4D8-DC8D-4FEF-B142-2E6E38DE5A37}.Release|Any CPU.Build.0 = Release|Any CPU
	EndGlobalSection
	GlobalSection(SolutionProperties) = preSolution
		HideSolutionNode = FALSE
	EndGlobalSection
	GlobalSection(ExtensibilityGlobals) = postSolution
		SolutionGuid = {35636377-5E79-4F4B-8AC7-F4D7C04D8C49}
	EndGlobalSection
EndGlobal
